
Microsoft Visual Studio Solution File, Format Version 12.00
# Visual Studio 15
VisualStudioVersion = 15.0.26430.14
MinimumVisualStudioVersion = 10.0.40219.1
Project("{CAA73BB0-EF22-4D79-A57E-DF67B3BA9C80}") = "Sitecore.Feature.PersonalizationRules.Master", "src\Feature\PersonalizationRules\tds\USMS.Foundation.PersonalizationRules.Master\Sitecore.Feature.PersonalizationRules.Master.scproj", "{F2B00694-091B-4DAF-8410-C89D725ED3F8}"
EndProject
Project("{FAE04EC0-301F-11D3-BF4B-00C04F79EFBC}") = "Sitecore.Feature.PersonalizationRules", "src\Feature\PersonalizationRules\code\Sitecore.Feature.PersonalizationRules.csproj", "{B53390E9-3039-40A9-93D3-12326E931BCF}"
EndProject
Global
	GlobalSection(SolutionConfigurationPlatforms) = preSolution
		Debug|Any CPU = Debug|Any CPU
		Prod_CD|Any CPU = Prod_CD|Any CPU
		Prod_CM|Any CPU = Prod_CM|Any CPU
		QA|Any CPU = QA|Any CPU
		Release|Any CPU = Release|Any CPU
	EndGlobalSection
	GlobalSection(ProjectConfigurationPlatforms) = postSolution
		{F2B00694-091B-4DAF-8410-C89D725ED3F8}.Debug|Any CPU.ActiveCfg = Debug|Any CPU
		{F2B00694-091B-4DAF-8410-C89D725ED3F8}.Debug|Any CPU.Build.0 = Debug|Any CPU
		{F2B00694-091B-4DAF-8410-C89D725ED3F8}.Debug|Any CPU.Deploy.0 = Debug|Any CPU
		{F2B00694-091B-4DAF-8410-C89D725ED3F8}.Prod_CD|Any CPU.ActiveCfg = Prod_CD|Any CPU
		{F2B00694-091B-4DAF-8410-C89D725ED3F8}.Prod_CD|Any CPU.Build.0 = Prod_CD|Any CPU
		{F2B00694-091B-4DAF-8410-C89D725ED3F8}.Prod_CD|Any CPU.Deploy.0 = Prod_CD|Any CPU
		{F2B00694-091B-4DAF-8410-C89D725ED3F8}.Prod_CM|Any CPU.ActiveCfg = Prod_CM|Any CPU
		{F2B00694-091B-4DAF-8410-C89D725ED3F8}.Prod_CM|Any CPU.Build.0 = Prod_CM|Any CPU
		{F2B00694-091B-4DAF-8410-C89D725ED3F8}.Prod_CM|Any CPU.Deploy.0 = Prod_CM|Any CPU
		{F2B00694-091B-4DAF-8410-C89D725ED3F8}.QA|Any CPU.ActiveCfg = QA|Any CPU
		{F2B00694-091B-4DAF-8410-C89D725ED3F8}.QA|Any CPU.Build.0 = QA|Any CPU
		{F2B00694-091B-4DAF-8410-C89D725ED3F8}.QA|Any CPU.Deploy.0 = QA|Any CPU
		{F2B00694-091B-4DAF-8410-C89D725ED3F8}.Release|Any CPU.ActiveCfg = Release|Any CPU
		{F2B00694-091B-4DAF-8410-C89D725ED3F8}.Release|Any CPU.Build.0 = Release|Any CPU
		{F2B00694-091B-4DAF-8410-C89D725ED3F8}.Release|Any CPU.Deploy.0 = Release|Any CPU
		{B53390E9-3039-40A9-93D3-12326E931BCF}.Debug|Any CPU.ActiveCfg = Debug|Any CPU
		{B53390E9-3039-40A9-93D3-12326E931BCF}.Debug|Any CPU.Build.0 = Debug|Any CPU
		{B53390E9-3039-40A9-93D3-12326E931BCF}.Prod_CD|Any CPU.ActiveCfg = Prod_CD|Any CPU
		{B53390E9-3039-40A9-93D3-12326E931BCF}.Prod_CD|Any CPU.Build.0 = Prod_CD|Any CPU
		{B53390E9-3039-40A9-93D3-12326E931BCF}.Prod_CM|Any CPU.ActiveCfg = Prod_CM|Any CPU
		{B53390E9-3039-40A9-93D3-12326E931BCF}.Prod_CM|Any CPU.Build.0 = Prod_CM|Any CPU
		{B53390E9-3039-40A9-93D3-12326E931BCF}.QA|Any CPU.ActiveCfg = QA|Any CPU
		{B53390E9-3039-40A9-93D3-12326E931BCF}.QA|Any CPU.Build.0 = QA|Any CPU
		{B53390E9-3039-40A9-93D3-12326E931BCF}.Release|Any CPU.ActiveCfg = Release|Any CPU
		{B53390E9-3039-40A9-93D3-12326E931BCF}.Release|Any CPU.Build.0 = Release|Any CPU
	EndGlobalSection
	GlobalSection(SolutionProperties) = preSolution
		HideSolutionNode = FALSE
	EndGlobalSection
EndGlobal
